
Microsoft Visual Studio Solution File, Format Version 12.00
# Visual Studio 15
VisualStudioVersion = 15.0.28307.1267
MinimumVisualStudioVersion = 10.0.40219.1
Project("{FAE04EC0-301F-11D3-BF4B-00C04F79EFBC}") = "KpIEp_Laba_11", "KpIEp_Laba_11\KpIEp_Laba_11.csproj", "{D21EACFE-31BD-463A-BFAA-3F25EC3E3CD2}"
EndProject
Project("{FAE04EC0-301F-11D3-BF4B-00C04F79EFBC}") = "SecondEx", "SeconEx\SecondEx.csproj", "{2EE056B5-51CA-4091-A76B-70AB7DF21A38}"
EndProject
Global
	GlobalSection(SolutionConfigurationPlatforms) = preSolution
		Debug|Any CPU = Debug|Any CPU
		Release|Any CPU = Release|Any CPU
	EndGlobalSection
	GlobalSection(ProjectConfigurationPlatforms) = postSolution
		{D21EACFE-31BD-463A-BFAA-3F25EC3E3CD2}.Debug|Any CPU.ActiveCfg = Debug|Any CPU
		{D21EACFE-31BD-463A-BFAA-3F25EC3E3CD2}.Debug|Any CPU.Build.0 = Debug|Any CPU
		{D21EACFE-31BD-463A-BFAA-3F25EC3E3CD2}.Release|Any CPU.ActiveCfg = Release|Any CPU
		{D21EACFE-31BD-463A-BFAA-3F25EC3E3CD2}.Release|Any CPU.Build.0 = Release|Any CPU
		{2EE056B5-51CA-4091-A76B-70AB7DF21A38}.Debug|Any CPU.ActiveCfg = Debug|Any CPU
		{2EE056B5-51CA-4091-A76B-70AB7DF21A38}.Debug|Any CPU.Build.0 = Debug|Any CPU
		{2EE056B5-51CA-4091-A76B-70AB7DF21A38}.Release|Any CPU.ActiveCfg = Release|Any CPU
		{2EE056B5-51CA-4091-A76B-70AB7DF21A38}.Release|Any CPU.Build.0 = Release|Any CPU
	EndGlobalSection
	GlobalSection(SolutionProperties) = preSolution
		HideSolutionNode = FALSE
	EndGlobalSection
	GlobalSection(ExtensibilityGlobals) = postSolution
		SolutionGuid = {71A60599-00D4-49E9-95BE-8881D0632096}
	EndGlobalSection
EndGlobal
